
Microsoft Visual Studio Solution File, Format Version 12.00
# Visual Studio Version 17
VisualStudioVersion = 17.1.32328.378
MinimumVisualStudioVersion = 10.0.40219.1
Project("{9A19103F-16F7-4668-BE54-9A1E7A4F7556}") = "CodeGeneratorPlus", "CodeGeneratorPlus\CodeGeneratorPlus.csproj", "{6948C1C7-6C76-4116-BFAF-1A7A31D65356}"
EndProject
Project("{FAE04EC0-301F-11D3-BF4B-00C04F79EFBC}") = "DemoProject", "DemoProject\DemoProject.csproj", "{3A15E13E-279E-4A40-B9EE-4841D99DA6F4}"
EndProject
Global
	GlobalSection(SolutionConfigurationPlatforms) = preSolution
		Debug|Any CPU = Debug|Any CPU
		Release|Any CPU = Release|Any CPU
	EndGlobalSection
	GlobalSection(ProjectConfigurationPlatforms) = postSolution
		{6948C1C7-6C76-4116-BFAF-1A7A31D65356}.Debug|Any CPU.ActiveCfg = Debug|Any CPU
		{6948C1C7-6C76-4116-BFAF-1A7A31D65356}.Debug|Any CPU.Build.0 = Debug|Any CPU
		{6948C1C7-6C76-4116-BFAF-1A7A31D65356}.Release|Any CPU.ActiveCfg = Release|Any CPU
		{6948C1C7-6C76-4116-BFAF-1A7A31D65356}.Release|Any CPU.Build.0 = Release|Any CPU
		{3A15E13E-279E-4A40-B9EE-4841D99DA6F4}.Debug|Any CPU.ActiveCfg = Debug|Any CPU
		{3A15E13E-279E-4A40-B9EE-4841D99DA6F4}.Debug|Any CPU.Build.0 = Debug|Any CPU
		{3A15E13E-279E-4A40-B9EE-4841D99DA6F4}.Release|Any CPU.ActiveCfg = Release|Any CPU
		{3A15E13E-279E-4A40-B9EE-4841D99DA6F4}.Release|Any CPU.Build.0 = Release|Any CPU
	EndGlobalSection
	GlobalSection(SolutionProperties) = preSolution
		HideSolutionNode = FALSE
	EndGlobalSection
	GlobalSection(ExtensibilityGlobals) = postSolution
		SolutionGuid = {5E89CAA8-B4DF-4DA6-A79F-0F44968B29A0}
	EndGlobalSection
EndGlobal
